
Microsoft Visual Studio Solution File, Format Version 12.00
# Visual Studio Version 17
VisualStudioVersion = 17.3.32825.248
MinimumVisualStudioVersion = 10.0.40219.1
Project("{9A19103F-16F7-4668-BE54-9A1E7A4F7556}") = "Archivator", "Archivator\Archivator.csproj", "{09D5F0FE-C51F-41A4-884F-611937C41202}"
EndProject
Project("{9A19103F-16F7-4668-BE54-9A1E7A4F7556}") = "ConsoleUI", "ConsoleUI\ConsoleUI.csproj", "{96E2431C-6DFC-4A10-BCA3-8DF52D72E00A}"
EndProject
Project("{9A19103F-16F7-4668-BE54-9A1E7A4F7556}") = "Tests", "Tests\Tests.csproj", "{923185DD-C41C-4B5E-A200-4EC89BAF7FD2}"
EndProject
Project("{9A19103F-16F7-4668-BE54-9A1E7A4F7556}") = "ServerAPI", "ServerAPI\ServerAPI.csproj", "{44721208-274E-4144-8689-3CB79F071477}"
EndProject
Project("{9A19103F-16F7-4668-BE54-9A1E7A4F7556}") = "TelegramBot", "TelegramBot\TelegramBot.csproj", "{F73BC1CE-1655-46EF-B08A-073F4ABEDF3F}"
EndProject
Global
	GlobalSection(SolutionConfigurationPlatforms) = preSolution
		Debug|Any CPU = Debug|Any CPU
		Debug|x64 = Debug|x64
		Debug|x86 = Debug|x86
		Release|Any CPU = Release|Any CPU
		Release|x64 = Release|x64
		Release|x86 = Release|x86
	EndGlobalSection
	GlobalSection(ProjectConfigurationPlatforms) = postSolution
		{09D5F0FE-C51F-41A4-884F-611937C41202}.Debug|Any CPU.ActiveCfg = Debug|Any CPU
		{09D5F0FE-C51F-41A4-884F-611937C41202}.Debug|Any CPU.Build.0 = Debug|Any CPU
		{09D5F0FE-C51F-41A4-884F-611937C41202}.Debug|x64.ActiveCfg = Debug|Any CPU
		{09D5F0FE-C51F-41A4-884F-611937C41202}.Debug|x64.Build.0 = Debug|Any CPU
		{09D5F0FE-C51F-41A4-884F-611937C41202}.Debug|x86.ActiveCfg = Debug|Any CPU
		{09D5F0FE-C51F-41A4-884F-611937C41202}.Debug|x86.Build.0 = Debug|Any CPU
		{09D5F0FE-C51F-41A4-884F-611937C41202}.Release|Any CPU.ActiveCfg = Release|Any CPU
		{09D5F0FE-C51F-41A4-884F-611937C41202}.Release|Any CPU.Build.0 = Release|Any CPU
		{09D5F0FE-C51F-41A4-884F-611937C41202}.Release|x64.ActiveCfg = Release|Any CPU
		{09D5F0FE-C51F-41A4-884F-611937C41202}.Release|x64.Build.0 = Release|Any CPU
		{09D5F0FE-C51F-41A4-884F-611937C41202}.Release|x86.ActiveCfg = Release|Any CPU
		{09D5F0FE-C51F-41A4-884F-611937C41202}.Release|x86.Build.0 = Release|Any CPU
		{96E2431C-6DFC-4A10-BCA3-8DF52D72E00A}.Debug|Any CPU.ActiveCfg = Debug|Any CPU
		{96E2431C-6DFC-4A10-BCA3-8DF52D72E00A}.Debug|Any CPU.Build.0 = Debug|Any CPU
		{96E2431C-6DFC-4A10-BCA3-8DF52D72E00A}.Debug|x64.ActiveCfg = Debug|Any CPU
		{96E2431C-6DFC-4A10-BCA3-8DF52D72E00A}.Debug|x64.Build.0 = Debug|Any CPU
		{96E2431C-6DFC-4A10-BCA3-8DF52D72E00A}.Debug|x86.ActiveCfg = Debug|Any CPU
		{96E2431C-6DFC-4A10-BCA3-8DF52D72E00A}.Debug|x86.Build.0 = Debug|Any CPU
		{96E2431C-6DFC-4A10-BCA3-8DF52D72E00A}.Release|Any CPU.ActiveCfg = Release|Any CPU
		{96E2431C-6DFC-4A10-BCA3-8DF52D72E00A}.Release|Any CPU.Build.0 = Release|Any CPU
		{96E2431C-6DFC-4A10-BCA3-8DF52D72E00A}.Release|x64.ActiveCfg = Release|Any CPU
		{96E2431C-6DFC-4A10-BCA3-8DF52D72E00A}.Release|x64.Build.0 = Release|Any CPU
		{96E2431C-6DFC-4A10-BCA3-8DF52D72E00A}.Release|x86.ActiveCfg = Release|Any CPU
		{96E2431C-6DFC-4A10-BCA3-8DF52D72E00A}.Release|x86.Build.0 = Release|Any CPU
		{923185DD-C41C-4B5E-A200-4EC89BAF7FD2}.Debug|Any CPU.ActiveCfg = Debug|Any CPU
		{923185DD-C41C-4B5E-A200-4EC89BAF7FD2}.Debug|Any CPU.Build.0 = Debug|Any CPU
		{923185DD-C41C-4B5E-A200-4EC89BAF7FD2}.Debug|x64.ActiveCfg = Debug|Any CPU
		{923185DD-C41C-4B5E-A200-4EC89BAF7FD2}.Debug|x64.Build.0 = Debug|Any CPU
		{923185DD-C41C-4B5E-A200-4EC89BAF7FD2}.Debug|x86.ActiveCfg = Debug|Any CPU
		{923185DD-C41C-4B5E-A200-4EC89BAF7FD2}.Debug|x86.Build.0 = Debug|Any CPU
		{923185DD-C41C-4B5E-A200-4EC89BAF7FD2}.Release|Any CPU.ActiveCfg = Release|Any CPU
		{923185DD-C41C-4B5E-A200-4EC89BAF7FD2}.Release|Any CPU.Build.0 = Release|Any CPU
		{923185DD-C41C-4B5E-A200-4EC89BAF7FD2}.Release|x64.ActiveCfg = Release|Any CPU
		{923185DD-C41C-4B5E-A200-4EC89BAF7FD2}.Release|x64.Build.0 = Release|Any CPU
		{923185DD-C41C-4B5E-A200-4EC89BAF7FD2}.Release|x86.ActiveCfg = Release|Any CPU
		{923185DD-C41C-4B5E-A200-4EC89BAF7FD2}.Release|x86.Build.0 = Release|Any CPU
		{44721208-274E-4144-8689-3CB79F071477}.Debug|Any CPU.ActiveCfg = Debug|Any CPU
		{44721208-274E-4144-8689-3CB79F071477}.Debug|Any CPU.Build.0 = Debug|Any CPU
		{44721208-274E-4144-8689-3CB79F071477}.Debug|x64.ActiveCfg = Debug|Any CPU
		{44721208-274E-4144-8689-3CB79F071477}.Debug|x64.Build.0 = Debug|Any CPU
		{44721208-274E-4144-8689-3CB79F071477}.Debug|x86.ActiveCfg = Debug|Any CPU
		{44721208-274E-4144-8689-3CB79F071477}.Debug|x86.Build.0 = Debug|Any CPU
		{44721208-274E-4144-8689-3CB79F071477}.Release|Any CPU.ActiveCfg = Release|Any CPU
		{44721208-274E-4144-8689-3CB79F071477}.Release|Any CPU.Build.0 = Release|Any CPU
		{44721208-274E-4144-8689-3CB79F071477}.Release|x64.ActiveCfg = Release|Any CPU
		{44721208-274E-4144-8689-3CB79F071477}.Release|x64.Build.0 = Release|Any CPU
		{44721208-274E-4144-8689-3CB79F071477}.Release|x86.ActiveCfg = Release|Any CPU
		{44721208-274E-4144-8689-3CB79F071477}.Release|x86.Build.0 = Release|Any CPU
		{F73BC1CE-1655-46EF-B08A-073F4ABEDF3F}.Debug|Any CPU.ActiveCfg = Debug|Any CPU
		{F73BC1CE-1655-46EF-B08A-073F4ABEDF3F}.Debug|Any CPU.Build.0 = Debug|Any CPU
		{F73BC1CE-1655-46EF-B08A-073F4ABEDF3F}.Debug|x64.ActiveCfg = Debug|Any CPU
		{F73BC1CE-1655-46EF-B08A-073F4ABEDF3F}.Debug|x64.Build.0 = Debug|Any CPU
		{F73BC1CE-1655-46EF-B08A-073F4ABEDF3F}.Debug|x86.ActiveCfg = Debug|Any CPU
		{F73BC1CE-1655-46EF-B08A-073F4ABEDF3F}.Debug|x86.Build.0 = Debug|Any CPU
		{F73BC1CE-1655-46EF-B08A-073F4ABEDF3F}.Release|Any CPU.ActiveCfg = Release|Any CPU
		{F73BC1CE-1655-46EF-B08A-073F4ABEDF3F}.Release|Any CPU.Build.0 = Release|Any CPU
		{F73BC1CE-1655-46EF-B08A-073F4ABEDF3F}.Release|x64.ActiveCfg = Release|Any CPU
		{F73BC1CE-1655-46EF-B08A-073F4ABEDF3F}.Release|x64.Build.0 = Release|Any CPU
		{F73BC1CE-1655-46EF-B08A-073F4ABEDF3F}.Release|x86.ActiveCfg = Release|Any CPU
		{F73BC1CE-1655-46EF-B08A-073F4ABEDF3F}.Release|x86.Build.0 = Release|Any CPU
	EndGlobalSection
	GlobalSection(SolutionProperties) = preSolution
		HideSolutionNode = FALSE
	EndGlobalSection
	GlobalSection(ExtensibilityGlobals) = postSolution
		SolutionGuid = {C48ECBC9-6D3A-4212-B5B1-1BC9316668ED}
	EndGlobalSection
EndGlobal
